
Microsoft Visual Studio Solution File, Format Version 12.00
# Visual Studio 15
Project("{FAE04EC0-301F-11D3-BF4B-00C04F79EFBC}") = "Assembly-CSharp", "Assembly-CSharp.csproj", "{B08153CD-DE8C-C84D-8404-CDC496118333}"
EndProject
Project("{FAE04EC0-301F-11D3-BF4B-00C04F79EFBC}") = "Oculus.VR", "Oculus.VR.csproj", "{41DCAE31-826B-49FB-256E-8E3938951863}"
EndProject
Project("{FAE04EC0-301F-11D3-BF4B-00C04F79EFBC}") = "Oculus.Platform", "Oculus.Platform.csproj", "{7A96F8D7-140D-95AC-9FB4-C51CB89B3A2E}"
EndProject
Project("{FAE04EC0-301F-11D3-BF4B-00C04F79EFBC}") = "Assembly-CSharp-Editor", "Assembly-CSharp-Editor.csproj", "{1D13E8F4-4F42-BBA3-0DEE-B17782E84F5F}"
EndProject
Project("{FAE04EC0-301F-11D3-BF4B-00C04F79EFBC}") = "Oculus.VR.Scripts.Editor", "Oculus.VR.Scripts.Editor.csproj", "{6A0D4F76-5844-9CB2-467E-1D70E34C9576}"
EndProject
Project("{FAE04EC0-301F-11D3-BF4B-00C04F79EFBC}") = "Oculus.VR.Editor", "Oculus.VR.Editor.csproj", "{59EB7EBC-5AFB-EF52-FE3A-43C69F7F468D}"
EndProject
Project("{FAE04EC0-301F-11D3-BF4B-00C04F79EFBC}") = "Oculus.Platform.Editor", "Oculus.Platform.Editor.csproj", "{F2C63C98-6DDF-6C4A-3B2E-D677CFFB036C}"
EndProject
Global
	GlobalSection(SolutionConfigurationPlatforms) = preSolution
		Debug|Any CPU = Debug|Any CPU
		Release|Any CPU = Release|Any CPU
	EndGlobalSection
	GlobalSection(ProjectConfigurationPlatforms) = postSolution
		{B08153CD-DE8C-C84D-8404-CDC496118333}.Debug|Any CPU.ActiveCfg = Debug|Any CPU
		{B08153CD-DE8C-C84D-8404-CDC496118333}.Debug|Any CPU.Build.0 = Debug|Any CPU
		{B08153CD-DE8C-C84D-8404-CDC496118333}.Release|Any CPU.ActiveCfg = Release|Any CPU
		{B08153CD-DE8C-C84D-8404-CDC496118333}.Release|Any CPU.Build.0 = Release|Any CPU
		{41DCAE31-826B-49FB-256E-8E3938951863}.Debug|Any CPU.ActiveCfg = Debug|Any CPU
		{41DCAE31-826B-49FB-256E-8E3938951863}.Debug|Any CPU.Build.0 = Debug|Any CPU
		{41DCAE31-826B-49FB-256E-8E3938951863}.Release|Any CPU.ActiveCfg = Release|Any CPU
		{41DCAE31-826B-49FB-256E-8E3938951863}.Release|Any CPU.Build.0 = Release|Any CPU
		{7A96F8D7-140D-95AC-9FB4-C51CB89B3A2E}.Debug|Any CPU.ActiveCfg = Debug|Any CPU
		{7A96F8D7-140D-95AC-9FB4-C51CB89B3A2E}.Debug|Any CPU.Build.0 = Debug|Any CPU
		{7A96F8D7-140D-95AC-9FB4-C51CB89B3A2E}.Release|Any CPU.ActiveCfg = Release|Any CPU
		{7A96F8D7-140D-95AC-9FB4-C51CB89B3A2E}.Release|Any CPU.Build.0 = Release|Any CPU
		{1D13E8F4-4F42-BBA3-0DEE-B17782E84F5F}.Debug|Any CPU.ActiveCfg = Debug|Any CPU
		{1D13E8F4-4F42-BBA3-0DEE-B17782E84F5F}.Debug|Any CPU.Build.0 = Debug|Any CPU
		{1D13E8F4-4F42-BBA3-0DEE-B17782E84F5F}.Release|Any CPU.ActiveCfg = Release|Any CPU
		{1D13E8F4-4F42-BBA3-0DEE-B17782E84F5F}.Release|Any CPU.Build.0 = Release|Any CPU
		{6A0D4F76-5844-9CB2-467E-1D70E34C9576}.Debug|Any CPU.ActiveCfg = Debug|Any CPU
		{6A0D4F76-5844-9CB2-467E-1D70E34C9576}.Debug|Any CPU.Build.0 = Debug|Any CPU
		{6A0D4F76-5844-9CB2-467E-1D70E34C9576}.Release|Any CPU.ActiveCfg = Release|Any CPU
		{6A0D4F76-5844-9CB2-467E-1D70E34C9576}.Release|Any CPU.Build.0 = Release|Any CPU
		{59EB7EBC-5AFB-EF52-FE3A-43C69F7F468D}.Debug|Any CPU.ActiveCfg = Debug|Any CPU
		{59EB7EBC-5AFB-EF52-FE3A-43C69F7F468D}.Debug|Any CPU.Build.0 = Debug|Any CPU
		{59EB7EBC-5AFB-EF52-FE3A-43C69F7F468D}.Release|Any CPU.ActiveCfg = Release|Any CPU
		{59EB7EBC-5AFB-EF52-FE3A-43C69F7F468D}.Release|Any CPU.Build.0 = Release|Any CPU
		{F2C63C98-6DDF-6C4A-3B2E-D677CFFB036C}.Debug|Any CPU.ActiveCfg = Debug|Any CPU
		{F2C63C98-6DDF-6C4A-3B2E-D677CFFB036C}.Debug|Any CPU.Build.0 = Debug|Any CPU
		{F2C63C98-6DDF-6C4A-3B2E-D677CFFB036C}.Release|Any CPU.ActiveCfg = Release|Any CPU
		{F2C63C98-6DDF-6C4A-3B2E-D677CFFB036C}.Release|Any CPU.Build.0 = Release|Any CPU
	EndGlobalSection
	GlobalSection(SolutionProperties) = preSolution
		HideSolutionNode = FALSE
	EndGlobalSection
EndGlobal
